// !$*UTF8*$!
{
	archiveVersion = 1;
	classes = {
	};
	objectVersion = 46;
	objects = {

/* Begin PBXBuildFile section */
		9100D50D1C3D5AC800A904D8 /* AppDelegate.swift in Sources */ = {isa = PBXBuildFile; fileRef = 9100D50C1C3D5AC800A904D8 /* AppDelegate.swift */; };
		9100D50F1C3D5AC800A904D8 /* ViewController.swift in Sources */ = {isa = PBXBuildFile; fileRef = 9100D50E1C3D5AC800A904D8 /* ViewController.swift */; };
		9100D5121C3D5AC800A904D8 /* Main.storyboard in Resources */ = {isa = PBXBuildFile; fileRef = 9100D5101C3D5AC800A904D8 /* Main.storyboard */; };
		9100D5141C3D5AC800A904D8 /* Assets.xcassets in Resources */ = {isa = PBXBuildFile; fileRef = 9100D5131C3D5AC800A904D8 /* Assets.xcassets */; };
		9100D5171C3D5AC800A904D8 /* LaunchScreen.storyboard in Resources */ = {isa = PBXBuildFile; fileRef = 9100D5151C3D5AC800A904D8 /* LaunchScreen.storyboard */; };
		9100D53D1C3DC36D00A904D8 /* CreaCartellaViewController.swift in Sources */ = {isa = PBXBuildFile; fileRef = 9100D53B1C3DC36D00A904D8 /* CreaCartellaViewController.swift */; };
		9100D53E1C3DC36D00A904D8 /* CreaCartellaViewController.xib in Resources */ = {isa = PBXBuildFile; fileRef = 9100D53C1C3DC36D00A904D8 /* CreaCartellaViewController.xib */; };
		9100D5411C3DC49900A904D8 /* CartellaView.swift in Sources */ = {isa = PBXBuildFile; fileRef = 9100D5401C3DC49900A904D8 /* CartellaView.swift */; };
		9100D5431C3DC89E00A904D8 /* CasellaView.swift in Sources */ = {isa = PBXBuildFile; fileRef = 9100D5421C3DC89E00A904D8 /* CasellaView.swift */; };
		9100D5451C3DC8B300A904D8 /* CasellaView.xib in Resources */ = {isa = PBXBuildFile; fileRef = 9100D5441C3DC8B300A904D8 /* CasellaView.xib */; };
/* End PBXBuildFile section */

/* Begin PBXFileReference section */
		9100D5091C3D5AC800A904D8 /* Bingola.app */ = {isa = PBXFileReference; explicitFileType = wrapper.application; includeInIndex = 0; path = Bingola.app; sourceTree = BUILT_PRODUCTS_DIR; };
		9100D50C1C3D5AC800A904D8 /* AppDelegate.swift */ = {isa = PBXFileReference; lastKnownFileType = sourcecode.swift; path = AppDelegate.swift; sourceTree = "<group>"; };
		9100D50E1C3D5AC800A904D8 /* ViewController.swift */ = {isa = PBXFileReference; lastKnownFileType = sourcecode.swift; path = ViewController.swift; sourceTree = "<group>"; };
		9100D5111C3D5AC800A904D8 /* Base */ = {isa = PBXFileReference; lastKnownFileType = file.storyboard; name = Base; path = Base.lproj/Main.storyboard; sourceTree = "<group>"; };
		9100D5131C3D5AC800A904D8 /* Assets.xcassets */ = {isa = PBXFileReference; lastKnownFileType = folder.assetcatalog; path = Assets.xcassets; sourceTree = "<group>"; };
		9100D5161C3D5AC800A904D8 /* Base */ = {isa = PBXFileReference; lastKnownFileType = file.storyboard; name = Base; path = Base.lproj/LaunchScreen.storyboard; sourceTree = "<group>"; };
		9100D5181C3D5AC800A904D8 /* Info.plist */ = {isa = PBXFileReference; lastKnownFileType = text.plist.xml; path = Info.plist; sourceTree = "<group>"; };
		9100D53B1C3DC36D00A904D8 /* CreaCartellaViewController.swift */ = {isa = PBXFileReference; fileEncoding = 4; lastKnownFileType = sourcecode.swift; path = CreaCartellaViewController.swift; sourceTree = "<group>"; };
		9100D53C1C3DC36D00A904D8 /* CreaCartellaViewController.xib */ = {isa = PBXFileReference; fileEncoding = 4; lastKnownFileType = file.xib; path = CreaCartellaViewController.xib; sourceTree = "<group>"; };
		9100D5401C3DC49900A904D8 /* CartellaView.swift */ = {isa = PBXFileReference; fileEncoding = 4; lastKnownFileType = sourcecode.swift; path = CartellaView.swift; sourceTree = "<group>"; };
		9100D5421C3DC89E00A904D8 /* CasellaView.swift */ = {isa = PBXFileReference; fileEncoding = 4; lastKnownFileType = sourcecode.swift; path = CasellaView.swift; sourceTree = "<group>"; };
		9100D5441C3DC8B300A904D8 /* CasellaView.xib */ = {isa = PBXFileReference; fileEncoding = 4; lastKnownFileType = file.xib; path = CasellaView.xib; sourceTree = "<group>"; };
/* End PBXFileReference section */

/* Begin PBXFrameworksBuildPhase section */
		9100D5061C3D5AC800A904D8 /* Frameworks */ = {
			isa = PBXFrameworksBuildPhase;
			buildActionMask = 2147483647;
			files = (
			);
			runOnlyForDeploymentPostprocessing = 0;
		};
/* End PBXFrameworksBuildPhase section */

/* Begin PBXGroup section */
		9100D5001C3D5AC800A904D8 = {
			isa = PBXGroup;
			children = (
				9100D50B1C3D5AC800A904D8 /* Bingola */,
				9100D50A1C3D5AC800A904D8 /* Products */,
			);
			sourceTree = "<group>";
		};
		9100D50A1C3D5AC800A904D8 /* Products */ = {
			isa = PBXGroup;
			children = (
				9100D5091C3D5AC800A904D8 /* Bingola.app */,
			);
			name = Products;
			sourceTree = "<group>";
		};
		9100D50B1C3D5AC800A904D8 /* Bingola */ = {
			isa = PBXGroup;
			children = (
				9100D53F1C3DC37100A904D8 /* Cartella */,
				9100D50C1C3D5AC800A904D8 /* AppDelegate.swift */,
				9100D50E1C3D5AC800A904D8 /* ViewController.swift */,
				9100D5101C3D5AC800A904D8 /* Main.storyboard */,
				9100D5131C3D5AC800A904D8 /* Assets.xcassets */,
				9100D5151C3D5AC800A904D8 /* LaunchScreen.storyboard */,
				9100D5181C3D5AC800A904D8 /* Info.plist */,
			);
			path = Bingola;
			sourceTree = "<group>";
		};
		9100D53F1C3DC37100A904D8 /* Cartella */ = {
			isa = PBXGroup;
			children = (
				9100D53B1C3DC36D00A904D8 /* CreaCartellaViewController.swift */,
				9100D53C1C3DC36D00A904D8 /* CreaCartellaViewController.xib */,
				9100D5401C3DC49900A904D8 /* CartellaView.swift */,
				9100D5421C3DC89E00A904D8 /* CasellaView.swift */,
				9100D5441C3DC8B300A904D8 /* CasellaView.xib */,
			);
			name = Cartella;
			sourceTree = "<group>";
		};
/* End PBXGroup section */

/* Begin PBXNativeTarget section */
		9100D5081C3D5AC800A904D8 /* Bingola */ = {
			isa = PBXNativeTarget;
			buildConfigurationList = 9100D51B1C3D5AC800A904D8 /* Build configuration list for PBXNativeTarget "Bingola" */;
			buildPhases = (
				9100D5051C3D5AC800A904D8 /* Sources */,
				9100D5061C3D5AC800A904D8 /* Frameworks */,
				9100D5071C3D5AC800A904D8 /* Resources */,
			);
			buildRules = (
			);
			dependencies = (
			);
			name = Bingola;
			productName = Bingola;
			productReference = 9100D5091C3D5AC800A904D8 /* Bingola.app */;
			productType = "com.apple.product-type.application";
		};
/* End PBXNativeTarget section */

/* Begin PBXProject section */
		9100D5011C3D5AC800A904D8 /* Project object */ = {
			isa = PBXProject;
			attributes = {
				LastSwiftUpdateCheck = 0720;
				LastUpgradeCheck = 0720;
				ORGANIZATIONNAME = "Marco Pugliese";
				TargetAttributes = {
					9100D5081C3D5AC800A904D8 = {
						CreatedOnToolsVersion = 7.2;
					};
				};
			};
			buildConfigurationList = 9100D5041C3D5AC800A904D8 /* Build configuration list for PBXProject "Bingola" */;
			compatibilityVersion = "Xcode 3.2";
			developmentRegion = English;
			hasScannedForEncodings = 0;
			knownRegions = (
				en,
				Base,
			);
			mainGroup = 9100D5001C3D5AC800A904D8;
			productRefGroup = 9100D50A1C3D5AC800A904D8 /* Products */;
			projectDirPath = "";
			projectRoot = "";
			targets = (
				9100D5081C3D5AC800A904D8 /* Bingola */,
			);
		};
/* End PBXProject section */

/* Begin PBXResourcesBuildPhase section */
		9100D5071C3D5AC800A904D8 /* Resources */ = {
			isa = PBXResourcesBuildPhase;
			buildActionMask = 2147483647;
			files = (
				9100D5171C3D5AC800A904D8 /* LaunchScreen.storyboard in Resources */,
				9100D53E1C3DC36D00A904D8 /* CreaCartellaViewController.xib in Resources */,
				9100D5141C3D5AC800A904D8 /* Assets.xcassets in Resources */,
				9100D5451C3DC8B300A904D8 /* CasellaView.xib in Resources */,
				9100D5121C3D5AC800A904D8 /* Main.storyboard in Resources */,
			);
			runOnlyForDeploymentPostprocessing = 0;
		};
/* End PBXResourcesBuildPhase section */

/* Begin PBXSourcesBuildPhase section */
		9100D5051C3D5AC800A904D8 /* Sources */ = {
			isa = PBXSourcesBuildPhase;
			buildActionMask = 2147483647;
			files = (
				9100D5431C3DC89E00A904D8 /* CasellaView.swift in Sources */,
				9100D5411C3DC49900A904D8 /* CartellaView.swift in Sources */,
				9100D50F1C3D5AC800A904D8 /* ViewController.swift in Sources */,
				9100D50D1C3D5AC800A904D8 /* AppDelegate.swift in Sources */,
				9100D53D1C3DC36D00A904D8 /* CreaCartellaViewController.swift in Sources */,
			);
			runOnlyForDeploymentPostprocessing = 0;
		};
/* End PBXSourcesBuildPhase section */

/* Begin PBXVariantGroup section */
		9100D5101C3D5AC800A904D8 /* Main.storyboard */ = {
			isa = PBXVariantGroup;
			children = (
				9100D5111C3D5AC800A904D8 /* Base */,
			);
			name = Main.storyboard;
			sourceTree = "<group>";
		};
		9100D5151C3D5AC800A904D8 /* LaunchScreen.storyboard */ = {
			isa = PBXVariantGroup;
			children = (
				9100D5161C3D5AC800A904D8 /* Base */,
			);
			name = LaunchScreen.storyboard;
			sourceTree = "<group>";
		};
/* End PBXVariantGroup section */

/* Begin XCBuildConfiguration section */
		9100D5191C3D5AC800A904D8 /* Debug */ = {
			isa = XCBuildConfiguration;
			buildSettings = {
				ALWAYS_SEARCH_USER_PATHS = NO;
				CLANG_CXX_LANGUAGE_STANDARD = "gnu++0x";
				CLANG_CXX_LIBRARY = "libc++";
				CLANG_ENABLE_MODULES = YES;
				CLANG_ENABLE_OBJC_ARC = YES;
				CLANG_WARN_BOOL_CONVERSION = YES;
				CLANG_WARN_CONSTANT_CONVERSION = YES;
				CLANG_WARN_DIRECT_OBJC_ISA_USAGE = YES_ERROR;
				CLANG_WARN_EMPTY_BODY = YES;
				CLANG_WARN_ENUM_CONVERSION = YES;
				CLANG_WARN_INT_CONVERSION = YES;
				CLANG_WARN_OBJC_ROOT_CLASS = YES_ERROR;
				CLANG_WARN_UNREACHABLE_CODE = YES;
				CLANG_WARN__DUPLICATE_METHOD_MATCH = YES;
				"CODE_SIGN_IDENTITY[sdk=iphoneos*]" = "iPhone Developer";
				COPY_PHASE_STRIP = NO;
				DEBUG_INFORMATION_FORMAT = dwarf;
				ENABLE_STRICT_OBJC_MSGSEND = YES;
				ENABLE_TESTABILITY = YES;
				GCC_C_LANGUAGE_STANDARD = gnu99;
				GCC_DYNAMIC_NO_PIC = NO;
				GCC_NO_COMMON_BLOCKS = YES;
				GCC_OPTIMIZATION_LEVEL = 0;
				GCC_PREPROCESSOR_DEFINITIONS = (
					"DEBUG=1",
					"$(inherited)",
				);
				GCC_WARN_64_TO_32_BIT_CONVERSION = YES;
				GCC_WARN_ABOUT_RETURN_TYPE = YES_ERROR;
				GCC_WARN_UNDECLARED_SELECTOR = YES;
				GCC_WARN_UNINITIALIZED_AUTOS = YES_AGGRESSIVE;
				GCC_WARN_UNUSED_FUNCTION = YES;
				GCC_WARN_UNUSED_VARIABLE = YES;
				IPHONEOS_DEPLOYMENT_TARGET = 9.2;
				MTL_ENABLE_DEBUG_INFO = YES;
				ONLY_ACTIVE_ARCH = YES;
				SDKROOT = iphoneos;
				SWIFT_OPTIMIZATION_LEVEL = "-Onone";
			};
			name = Debug;
		};
		9100D51A1C3D5AC800A904D8 /* Release */ = {
			isa = XCBuildConfiguration;
			buildSettings = {
				ALWAYS_SEARCH_USER_PATHS = NO;
				CLANG_CXX_LANGUAGE_STANDARD = "gnu++0x";
				CLANG_CXX_LIBRARY = "libc++";
				CLANG_ENABLE_MODULES = YES;
				CLANG_ENABLE_OBJC_ARC = YES;
				CLANG_WARN_BOOL_CONVERSION = YES;
				CLANG_WARN_CONSTANT_CONVERSION = YES;
				CLANG_WARN_DIRECT_OBJC_ISA_USAGE = YES_ERROR;
				CLANG_WARN_EMPTY_BODY = YES;
				CLANG_WARN_ENUM_CONVERSION = YES;
				CLANG_WARN_INT_CONVERSION = YES;
				CLANG_WARN_OBJC_ROOT_CLASS = YES_ERROR;
				CLANG_WARN_UNREACHABLE_CODE = YES;
				CLANG_WARN__DUPLICATE_METHOD_MATCH = YES;
				"CODE_SIGN_IDENTITY[sdk=iphoneos*]" = "iPhone Developer";
				COPY_PHASE_STRIP = NO;
				DEBUG_INFORMATION_FORMAT = "dwarf-with-dsym";
				ENABLE_NS_ASSERTIONS = NO;
				ENABLE_STRICT_OBJC_MSGSEND = YES;
				GCC_C_LANGUAGE_STANDARD = gnu99;
				GCC_NO_COMMON_BLOCKS = YES;
				GCC_WARN_64_TO_32_BIT_CONVERSION = YES;
				GCC_WARN_ABOUT_RETURN_TYPE = YES_ERROR;
				GCC_WARN_UNDECLARED_SELECTOR = YES;
				GCC_WARN_UNINITIALIZED_AUTOS = YES_AGGRESSIVE;
				GCC_WARN_UNUSED_FUNCTION = YES;
				GCC_WARN_UNUSED_VARIABLE = YES;
				IPHONEOS_DEPLOYMENT_TARGET = 9.2;
				MTL_ENABLE_DEBUG_INFO = NO;
				SDKROOT = iphoneos;
				VALIDATE_PRODUCT = YES;
			};
			name = Release;
		};
		9100D51C1C3D5AC800A904D8 /* Debug */ = {
			isa = XCBuildConfiguration;
			buildSettings = {
				ASSETCATALOG_COMPILER_APPICON_NAME = AppIcon;
				INFOPLIST_FILE = Bingola/Info.plist;
				LD_RUNPATH_SEARCH_PATHS = "$(inherited) @executable_path/Frameworks";
				PRODUCT_BUNDLE_IDENTIFIER = com.pugia.Bingola;
				PRODUCT_NAME = "$(TARGET_NAME)";
			};
			name = Debug;
		};
		9100D51D1C3D5AC800A904D8 /* Release */ = {
			isa = XCBuildConfiguration;
			buildSettings = {
				ASSETCATALOG_COMPILER_APPICON_NAME = AppIcon;
				INFOPLIST_FILE = Bingola/Info.plist;
				LD_RUNPATH_SEARCH_PATHS = "$(inherited) @executable_path/Frameworks";
				PRODUCT_BUNDLE_IDENTIFIER = com.pugia.Bingola;
				PRODUCT_NAME = "$(TARGET_NAME)";
			};
			name = Release;
		};
/* End XCBuildConfiguration section */

/* Begin XCConfigurationList section */
		9100D5041C3D5AC800A904D8 /* Build configuration list for PBXProject "Bingola" */ = {
			isa = XCConfigurationList;
			buildConfigurations = (
				9100D5191C3D5AC800A904D8 /* Debug */,
				9100D51A1C3D5AC800A904D8 /* Release */,
			);
			defaultConfigurationIsVisible = 0;
			defaultConfigurationName = Release;
		};
		9100D51B1C3D5AC800A904D8 /* Build configuration list for PBXNativeTarget "Bingola" */ = {
			isa = XCConfigurationList;
			buildConfigurations = (
				9100D51C1C3D5AC800A904D8 /* Debug */,
				9100D51D1C3D5AC800A904D8 /* Release */,
			);
			defaultConfigurationIsVisible = 0;
			defaultConfigurationName = Release;
		};
/* End XCConfigurationList section */
	};
	rootObject = 9100D5011C3D5AC800A904D8 /* Project object */;
}
